<Solution>
  <Project Path="../Funciones/Funciones.csproj" Id="be11dc2c-575e-4756-8170-f275d9e5dc53" />
  <Project Path="../SentenciasIfElseIf/SentenciasIfElseIf.csproj" Id="5059f613-0b4f-46e0-aebd-4c0b9ac622e8" />
  <Project Path="../TipoDeDatos/TipoDeDatos.csproj" Id="f253ac14-9e04-4627-8c07-70deb9280369" />
  <Project Path="Variables.csproj" />
</Solution>
